
Microsoft Visual Studio Solution File, Format Version 12.00
# Visual Studio Version 16
VisualStudioVersion = 16.0.29009.5
MinimumVisualStudioVersion = 10.0.40219.1
Project("{FAE04EC0-301F-11D3-BF4B-00C04F79EFBC}") = "K Chang Blog", "K Chang Blog\K Chang Blog.csproj", "{81EB8501-CA25-423A-869A-046C5BD8935C}"
EndProject
Global
	GlobalSection(SolutionConfigurationPlatforms) = preSolution
		Debug|Any CPU = Debug|Any CPU
		Release|Any CPU = Release|Any CPU
	EndGlobalSection
	GlobalSection(ProjectConfigurationPlatforms) = postSolution
		{81EB8501-CA25-423A-869A-046C5BD8935C}.Debug|Any CPU.ActiveCfg = Debug|Any CPU
		{81EB8501-CA25-423A-869A-046C5BD8935C}.Debug|Any CPU.Build.0 = Debug|Any CPU
		{81EB8501-CA25-423A-869A-046C5BD8935C}.Release|Any CPU.ActiveCfg = Release|Any CPU
		{81EB8501-CA25-423A-869A-046C5BD8935C}.Release|Any CPU.Build.0 = Release|Any CPU
	EndGlobalSection
	GlobalSection(SolutionProperties) = preSolution
		HideSolutionNode = FALSE
	EndGlobalSection
	GlobalSection(ExtensibilityGlobals) = postSolution
		SolutionGuid = {920FA2AB-55FE-4C13-8C59-6D50EBBD2FB7}
	EndGlobalSection
EndGlobal
